
Microsoft Visual Studio Solution File, Format Version 12.00
# Visual Studio 2013
VisualStudioVersion = 12.0.30324.0
MinimumVisualStudioVersion = 10.0.40219.1
Project("{6141683F-8A12-4E36-9623-2EB02B2C2303}") = "MFInstaller", "MFInstaller\MFInstaller.isproj", "{C30CFA20-4AA5-4EDB-A292-B19FFB01396E}"
	ProjectSection(ProjectDependencies) = postProject
		{2784E97F-C0C4-4740-AF2F-F48787D711CE} = {2784E97F-C0C4-4740-AF2F-F48787D711CE}
		{7D137BCE-7EB5-4518-88F5-19E50ABC633F} = {7D137BCE-7EB5-4518-88F5-19E50ABC633F}
	EndProjectSection
EndProject
Project("{FAE04EC0-301F-11D3-BF4B-00C04F79EFBC}") = "MFREAdvisorService", "..\MFREAdvisorService\MFREAdvisorService\MFREAdvisorService.csproj", "{2784E97F-C0C4-4740-AF2F-F48787D711CE}"
EndProject
Project("{FAE04EC0-301F-11D3-BF4B-00C04F79EFBC}") = "WatchedDirChooser", "..\WindowsFormsApplication1\WindowsFormsApplication1\WatchedDirChooser.csproj", "{7D137BCE-7EB5-4518-88F5-19E50ABC633F}"
EndProject
Global
	GlobalSection(SolutionConfigurationPlatforms) = preSolution
		CD_ROM|Any CPU = CD_ROM|Any CPU
		Debug|Any CPU = Debug|Any CPU
		DVD-5|Any CPU = DVD-5|Any CPU
		Release|Any CPU = Release|Any CPU
		SingleImage|Any CPU = SingleImage|Any CPU
	EndGlobalSection
	GlobalSection(ProjectConfigurationPlatforms) = postSolution
		{C30CFA20-4AA5-4EDB-A292-B19FFB01396E}.CD_ROM|Any CPU.ActiveCfg = CD_ROM
		{C30CFA20-4AA5-4EDB-A292-B19FFB01396E}.CD_ROM|Any CPU.Build.0 = CD_ROM
		{C30CFA20-4AA5-4EDB-A292-B19FFB01396E}.Debug|Any CPU.ActiveCfg = DVD-5
		{C30CFA20-4AA5-4EDB-A292-B19FFB01396E}.Debug|Any CPU.Build.0 = DVD-5
		{C30CFA20-4AA5-4EDB-A292-B19FFB01396E}.DVD-5|Any CPU.ActiveCfg = DVD-5
		{C30CFA20-4AA5-4EDB-A292-B19FFB01396E}.DVD-5|Any CPU.Build.0 = DVD-5
		{C30CFA20-4AA5-4EDB-A292-B19FFB01396E}.Release|Any CPU.ActiveCfg = SingleImage
		{C30CFA20-4AA5-4EDB-A292-B19FFB01396E}.Release|Any CPU.Build.0 = SingleImage
		{C30CFA20-4AA5-4EDB-A292-B19FFB01396E}.SingleImage|Any CPU.ActiveCfg = SingleImage
		{C30CFA20-4AA5-4EDB-A292-B19FFB01396E}.SingleImage|Any CPU.Build.0 = SingleImage
		{2784E97F-C0C4-4740-AF2F-F48787D711CE}.CD_ROM|Any CPU.ActiveCfg = Release|Any CPU
		{2784E97F-C0C4-4740-AF2F-F48787D711CE}.CD_ROM|Any CPU.Build.0 = Release|Any CPU
		{2784E97F-C0C4-4740-AF2F-F48787D711CE}.Debug|Any CPU.ActiveCfg = Debug|Any CPU
		{2784E97F-C0C4-4740-AF2F-F48787D711CE}.Debug|Any CPU.Build.0 = Debug|Any CPU
		{2784E97F-C0C4-4740-AF2F-F48787D711CE}.DVD-5|Any CPU.ActiveCfg = Debug|Any CPU
		{2784E97F-C0C4-4740-AF2F-F48787D711CE}.DVD-5|Any CPU.Build.0 = Debug|Any CPU
		{2784E97F-C0C4-4740-AF2F-F48787D711CE}.Release|Any CPU.ActiveCfg = Release|Any CPU
		{2784E97F-C0C4-4740-AF2F-F48787D711CE}.Release|Any CPU.Build.0 = Release|Any CPU
		{2784E97F-C0C4-4740-AF2F-F48787D711CE}.SingleImage|Any CPU.ActiveCfg = Release|Any CPU
		{2784E97F-C0C4-4740-AF2F-F48787D711CE}.SingleImage|Any CPU.Build.0 = Release|Any CPU
		{7D137BCE-7EB5-4518-88F5-19E50ABC633F}.CD_ROM|Any CPU.ActiveCfg = Release|Any CPU
		{7D137BCE-7EB5-4518-88F5-19E50ABC633F}.CD_ROM|Any CPU.Build.0 = Release|Any CPU
		{7D137BCE-7EB5-4518-88F5-19E50ABC633F}.Debug|Any CPU.ActiveCfg = Debug|Any CPU
		{7D137BCE-7EB5-4518-88F5-19E50ABC633F}.Debug|Any CPU.Build.0 = Debug|Any CPU
		{7D137BCE-7EB5-4518-88F5-19E50ABC633F}.DVD-5|Any CPU.ActiveCfg = Debug|Any CPU
		{7D137BCE-7EB5-4518-88F5-19E50ABC633F}.DVD-5|Any CPU.Build.0 = Debug|Any CPU
		{7D137BCE-7EB5-4518-88F5-19E50ABC633F}.Release|Any CPU.ActiveCfg = Release|Any CPU
		{7D137BCE-7EB5-4518-88F5-19E50ABC633F}.Release|Any CPU.Build.0 = Release|Any CPU
		{7D137BCE-7EB5-4518-88F5-19E50ABC633F}.SingleImage|Any CPU.ActiveCfg = Release|Any CPU
		{7D137BCE-7EB5-4518-88F5-19E50ABC633F}.SingleImage|Any CPU.Build.0 = Release|Any CPU
	EndGlobalSection
	GlobalSection(SolutionProperties) = preSolution
		HideSolutionNode = FALSE
	EndGlobalSection
EndGlobal
